// !$*UTF8*$!
{
	archiveVersion = 1;
	classes = {
	};
	objectVersion = 56;
	objects = {

/* Begin PBXBuildFile section */
		754D28182BCFE1F400A55933 /* AppDelegate.swift in Sources */ = {isa = PBXBuildFile; fileRef = 754D28172BCFE1F400A55933 /* AppDelegate.swift */; };
		754D281A2BCFE1F400A55933 /* SceneDelegate.swift in Sources */ = {isa = PBXBuildFile; fileRef = 754D28192BCFE1F400A55933 /* SceneDelegate.swift */; };
		754D281C2BCFE1F400A55933 /* ViewController.swift in Sources */ = {isa = PBXBuildFile; fileRef = 754D281B2BCFE1F400A55933 /* ViewController.swift */; };
		754D281F2BCFE1F400A55933 /* Base in Resources */ = {isa = PBXBuildFile; fileRef = 754D281E2BCFE1F400A55933 /* Base */; };
		754D28212BCFE1F600A55933 /* Assets.xcassets in Resources */ = {isa = PBXBuildFile; fileRef = 754D28202BCFE1F600A55933 /* Assets.xcassets */; };
		754D28242BCFE1F600A55933 /* Base in Resources */ = {isa = PBXBuildFile; fileRef = 754D28232BCFE1F600A55933 /* Base */; };
		754D282F2BCFE1F600A55933 /* Dice_appTests.swift in Sources */ = {isa = PBXBuildFile; fileRef = 754D282E2BCFE1F600A55933 /* Dice_appTests.swift */; };
		754D28392BCFE1F600A55933 /* Dice_appUITests.swift in Sources */ = {isa = PBXBuildFile; fileRef = 754D28382BCFE1F600A55933 /* Dice_appUITests.swift */; };
		754D283B2BCFE1F600A55933 /* Dice_appUITestsLaunchTests.swift in Sources */ = {isa = PBXBuildFile; fileRef = 754D283A2BCFE1F600A55933 /* Dice_appUITestsLaunchTests.swift */; };
/* End PBXBuildFile section */

/* Begin PBXContainerItemProxy section */
		754D282B2BCFE1F600A55933 /* PBXContainerItemProxy */ = {
			isa = PBXContainerItemProxy;
			containerPortal = 754D280C2BCFE1F400A55933 /* Project object */;
			proxyType = 1;
			remoteGlobalIDString = 754D28132BCFE1F400A55933;
			remoteInfo = Dice_app;
		};
		754D28352BCFE1F600A55933 /* PBXContainerItemProxy */ = {
			isa = PBXContainerItemProxy;
			containerPortal = 754D280C2BCFE1F400A55933 /* Project object */;
			proxyType = 1;
			remoteGlobalIDString = 754D28132BCFE1F400A55933;
			remoteInfo = Dice_app;
		};
/* End PBXContainerItemProxy section */

/* Begin PBXFileReference section */
		754D28142BCFE1F400A55933 /* Dice_app.app */ = {isa = PBXFileReference; explicitFileType = wrapper.application; includeInIndex = 0; path = Dice_app.app; sourceTree = BUILT_PRODUCTS_DIR; };
		754D28172BCFE1F400A55933 /* AppDelegate.swift */ = {isa = PBXFileReference; lastKnownFileType = sourcecode.swift; path = AppDelegate.swift; sourceTree = "<group>"; };
		754D28192BCFE1F400A55933 /* SceneDelegate.swift */ = {isa = PBXFileReference; lastKnownFileType = sourcecode.swift; path = SceneDelegate.swift; sourceTree = "<group>"; };
		754D281B2BCFE1F400A55933 /* ViewController.swift */ = {isa = PBXFileReference; lastKnownFileType = sourcecode.swift; path = ViewController.swift; sourceTree = "<group>"; };
		754D281E2BCFE1F400A55933 /* Base */ = {isa = PBXFileReference; lastKnownFileType = file.storyboard; name = Base; path = Base.lproj/Main.storyboard; sourceTree = "<group>"; };
		754D28202BCFE1F600A55933 /* Assets.xcassets */ = {isa = PBXFileReference; lastKnownFileType = folder.assetcatalog; path = Assets.xcassets; sourceTree = "<group>"; };
		754D28232BCFE1F600A55933 /* Base */ = {isa = PBXFileReference; lastKnownFileType = file.storyboard; name = Base; path = Base.lproj/LaunchScreen.storyboard; sourceTree = "<group>"; };
		754D28252BCFE1F600A55933 /* Info.plist */ = {isa = PBXFileReference; lastKnownFileType = text.plist.xml; path = Info.plist; sourceTree = "<group>"; };
		754D282A2BCFE1F600A55933 /* Dice_appTests.xctest */ = {isa = PBXFileReference; explicitFileType = wrapper.cfbundle; includeInIndex = 0; path = Dice_appTests.xctest; sourceTree = BUILT_PRODUCTS_DIR; };
		754D282E2BCFE1F600A55933 /* Dice_appTests.swift */ = {isa = PBXFileReference; lastKnownFileType = sourcecode.swift; path = Dice_appTests.swift; sourceTree = "<group>"; };
		754D28342BCFE1F600A55933 /* Dice_appUITests.xctest */ = {isa = PBXFileReference; explicitFileType = wrapper.cfbundle; includeInIndex = 0; path = Dice_appUITests.xctest; sourceTree = BUILT_PRODUCTS_DIR; };
		754D28382BCFE1F600A55933 /* Dice_appUITests.swift */ = {isa = PBXFileReference; lastKnownFileType = sourcecode.swift; path = Dice_appUITests.swift; sourceTree = "<group>"; };
		754D283A2BCFE1F600A55933 /* Dice_appUITestsLaunchTests.swift */ = {isa = PBXFileReference; lastKnownFileType = sourcecode.swift; path = Dice_appUITestsLaunchTests.swift; sourceTree = "<group>"; };
/* End PBXFileReference section */

/* Begin PBXFrameworksBuildPhase section */
		754D28112BCFE1F400A55933 /* Frameworks */ = {
			isa = PBXFrameworksBuildPhase;
			buildActionMask = 2147483647;
			files = (
			);
			runOnlyForDeploymentPostprocessing = 0;
		};
		754D28272BCFE1F600A55933 /* Frameworks */ = {
			isa = PBXFrameworksBuildPhase;
			buildActionMask = 2147483647;
			files = (
			);
			runOnlyForDeploymentPostprocessing = 0;
		};
		754D28312BCFE1F600A55933 /* Frameworks */ = {
			isa = PBXFrameworksBuildPhase;
			buildActionMask = 2147483647;
			files = (
			);
			runOnlyForDeploymentPostprocessing = 0;
		};
/* End PBXFrameworksBuildPhase section */

/* Begin PBXGroup section */
		754D280B2BCFE1F400A55933 = {
			isa = PBXGroup;
			children = (
				754D28162BCFE1F400A55933 /* Dice_app */,
				754D282D2BCFE1F600A55933 /* Dice_appTests */,
				754D28372BCFE1F600A55933 /* Dice_appUITests */,
				754D28152BCFE1F400A55933 /* Products */,
			);
			sourceTree = "<group>";
		};
		754D28152BCFE1F400A55933 /* Products */ = {
			isa = PBXGroup;
			children = (
				754D28142BCFE1F400A55933 /* Dice_app.app */,
				754D282A2BCFE1F600A55933 /* Dice_appTests.xctest */,
				754D28342BCFE1F600A55933 /* Dice_appUITests.xctest */,
			);
			name = Products;
			sourceTree = "<group>";
		};
		754D28162BCFE1F400A55933 /* Dice_app */ = {
			isa = PBXGroup;
			children = (
				754D28172BCFE1F400A55933 /* AppDelegate.swift */,
				754D28192BCFE1F400A55933 /* SceneDelegate.swift */,
				754D281B2BCFE1F400A55933 /* ViewController.swift */,
				754D281D2BCFE1F400A55933 /* Main.storyboard */,
				754D28202BCFE1F600A55933 /* Assets.xcassets */,
				754D28222BCFE1F600A55933 /* LaunchScreen.storyboard */,
				754D28252BCFE1F600A55933 /* Info.plist */,
			);
			path = Dice_app;
			sourceTree = "<group>";
		};
		754D282D2BCFE1F600A55933 /* Dice_appTests */ = {
			isa = PBXGroup;
			children = (
				754D282E2BCFE1F600A55933 /* Dice_appTests.swift */,
			);
			path = Dice_appTests;
			sourceTree = "<group>";
		};
		754D28372BCFE1F600A55933 /* Dice_appUITests */ = {
			isa = PBXGroup;
			children = (
				754D28382BCFE1F600A55933 /* Dice_appUITests.swift */,
				754D283A2BCFE1F600A55933 /* Dice_appUITestsLaunchTests.swift */,
			);
			path = Dice_appUITests;
			sourceTree = "<group>";
		};
/* End PBXGroup section */

/* Begin PBXNativeTarget section */
		754D28132BCFE1F400A55933 /* Dice_app */ = {
			isa = PBXNativeTarget;
			buildConfigurationList = 754D283E2BCFE1F600A55933 /* Build configuration list for PBXNativeTarget "Dice_app" */;
			buildPhases = (
				754D28102BCFE1F400A55933 /* Sources */,
				754D28112BCFE1F400A55933 /* Frameworks */,
				754D28122BCFE1F400A55933 /* Resources */,
			);
			buildRules = (
			);
			dependencies = (
			);
			name = Dice_app;
			productName = Dice_app;
			productReference = 754D28142BCFE1F400A55933 /* Dice_app.app */;
			productType = "com.apple.product-type.application";
		};
		754D28292BCFE1F600A55933 /* Dice_appTests */ = {
			isa = PBXNativeTarget;
			buildConfigurationList = 754D28412BCFE1F600A55933 /* Build configuration list for PBXNativeTarget "Dice_appTests" */;
			buildPhases = (
				754D28262BCFE1F600A55933 /* Sources */,
				754D28272BCFE1F600A55933 /* Frameworks */,
				754D28282BCFE1F600A55933 /* Resources */,
			);
			buildRules = (
			);
			dependencies = (
				754D282C2BCFE1F600A55933 /* PBXTargetDependency */,
			);
			name = Dice_appTests;
			productName = Dice_appTests;
			productReference = 754D282A2BCFE1F600A55933 /* Dice_appTests.xctest */;
			productType = "com.apple.product-type.bundle.unit-test";
		};
		754D28332BCFE1F600A55933 /* Dice_appUITests */ = {
			isa = PBXNativeTarget;
			buildConfigurationList = 754D28442BCFE1F600A55933 /* Build configuration list for PBXNativeTarget "Dice_appUITests" */;
			buildPhases = (
				754D28302BCFE1F600A55933 /* Sources */,
				754D28312BCFE1F600A55933 /* Frameworks */,
				754D28322BCFE1F600A55933 /* Resources */,
			);
			buildRules = (
			);
			dependencies = (
				754D28362BCFE1F600A55933 /* PBXTargetDependency */,
			);
			name = Dice_appUITests;
			productName = Dice_appUITests;
			productReference = 754D28342BCFE1F600A55933 /* Dice_appUITests.xctest */;
			productType = "com.apple.product-type.bundle.ui-testing";
		};
/* End PBXNativeTarget section */

/* Begin PBXProject section */
		754D280C2BCFE1F400A55933 /* Project object */ = {
			isa = PBXProject;
			attributes = {
				BuildIndependentTargetsInParallel = 1;
				LastSwiftUpdateCheck = 1530;
				LastUpgradeCheck = 1530;
				TargetAttributes = {
					754D28132BCFE1F400A55933 = {
						CreatedOnToolsVersion = 15.3;
					};
					754D28292BCFE1F600A55933 = {
						CreatedOnToolsVersion = 15.3;
						TestTargetID = 754D28132BCFE1F400A55933;
					};
					754D28332BCFE1F600A55933 = {
						CreatedOnToolsVersion = 15.3;
						TestTargetID = 754D28132BCFE1F400A55933;
					};
				};
			};
			buildConfigurationList = 754D280F2BCFE1F400A55933 /* Build configuration list for PBXProject "Dice_app" */;
			compatibilityVersion = "Xcode 14.0";
			developmentRegion = en;
			hasScannedForEncodings = 0;
			knownRegions = (
				en,
				Base,
			);
			mainGroup = 754D280B2BCFE1F400A55933;
			productRefGroup = 754D28152BCFE1F400A55933 /* Products */;
			projectDirPath = "";
			projectRoot = "";
			targets = (
				754D28132BCFE1F400A55933 /* Dice_app */,
				754D28292BCFE1F600A55933 /* Dice_appTests */,
				754D28332BCFE1F600A55933 /* Dice_appUITests */,
			);
		};
/* End PBXProject section */

/* Begin PBXResourcesBuildPhase section */
		754D28122BCFE1F400A55933 /* Resources */ = {
			isa = PBXResourcesBuildPhase;
			buildActionMask = 2147483647;
			files = (
				754D28212BCFE1F600A55933 /* Assets.xcassets in Resources */,
				754D28242BCFE1F600A55933 /* Base in Resources */,
				754D281F2BCFE1F400A55933 /* Base in Resources */,
			);
			runOnlyForDeploymentPostprocessing = 0;
		};
		754D28282BCFE1F600A55933 /* Resources */ = {
			isa = PBXResourcesBuildPhase;
			buildActionMask = 2147483647;
			files = (
			);
			runOnlyForDeploymentPostprocessing = 0;
		};
		754D28322BCFE1F600A55933 /* Resources */ = {
			isa = PBXResourcesBuildPhase;
			buildActionMask = 2147483647;
			files = (
			);
			runOnlyForDeploymentPostprocessing = 0;
		};
/* End PBXResourcesBuildPhase section */

/* Begin PBXSourcesBuildPhase section */
		754D28102BCFE1F400A55933 /* Sources */ = {
			isa = PBXSourcesBuildPhase;
			buildActionMask = 2147483647;
			files = (
				754D281C2BCFE1F400A55933 /* ViewController.swift in Sources */,
				754D28182BCFE1F400A55933 /* AppDelegate.swift in Sources */,
				754D281A2BCFE1F400A55933 /* SceneDelegate.swift in Sources */,
			);
			runOnlyForDeploymentPostprocessing = 0;
		};
		754D28262BCFE1F600A55933 /* Sources */ = {
			isa = PBXSourcesBuildPhase;
			buildActionMask = 2147483647;
			files = (
				754D282F2BCFE1F600A55933 /* Dice_appTests.swift in Sources */,
			);
			runOnlyForDeploymentPostprocessing = 0;
		};
		754D28302BCFE1F600A55933 /* Sources */ = {
			isa = PBXSourcesBuildPhase;
			buildActionMask = 2147483647;
			files = (
				754D283B2BCFE1F600A55933 /* Dice_appUITestsLaunchTests.swift in Sources */,
				754D28392BCFE1F600A55933 /* Dice_appUITests.swift in Sources */,
			);
			runOnlyForDeploymentPostprocessing = 0;
		};
/* End PBXSourcesBuildPhase section */

/* Begin PBXTargetDependency section */
		754D282C2BCFE1F600A55933 /* PBXTargetDependency */ = {
			isa = PBXTargetDependency;
			target = 754D28132BCFE1F400A55933 /* Dice_app */;
			targetProxy = 754D282B2BCFE1F600A55933 /* PBXContainerItemProxy */;
		};
		754D28362BCFE1F600A55933 /* PBXTargetDependency */ = {
			isa = PBXTargetDependency;
			target = 754D28132BCFE1F400A55933 /* Dice_app */;
			targetProxy = 754D28352BCFE1F600A55933 /* PBXContainerItemProxy */;
		};
/* End PBXTargetDependency section */

/* Begin PBXVariantGroup section */
		754D281D2BCFE1F400A55933 /* Main.storyboard */ = {
			isa = PBXVariantGroup;
			children = (
				754D281E2BCFE1F400A55933 /* Base */,
			);
			name = Main.storyboard;
			sourceTree = "<group>";
		};
		754D28222BCFE1F600A55933 /* LaunchScreen.storyboard */ = {
			isa = PBXVariantGroup;
			children = (
				754D28232BCFE1F600A55933 /* Base */,
			);
			name = LaunchScreen.storyboard;
			sourceTree = "<group>";
		};
/* End PBXVariantGroup section */

/* Begin XCBuildConfiguration section */
		754D283C2BCFE1F600A55933 /* Debug */ = {
			isa = XCBuildConfiguration;
			buildSettings = {
				ALWAYS_SEARCH_USER_PATHS = NO;
				ASSETCATALOG_COMPILER_GENERATE_SWIFT_ASSET_SYMBOL_EXTENSIONS = YES;
				CLANG_ANALYZER_NONNULL = YES;
				CLANG_ANALYZER_NUMBER_OBJECT_CONVERSION = YES_AGGRESSIVE;
				CLANG_CXX_LANGUAGE_STANDARD = "gnu++20";
				CLANG_ENABLE_MODULES = YES;
				CLANG_ENABLE_OBJC_ARC = YES;
				CLANG_ENABLE_OBJC_WEAK = YES;
				CLANG_WARN_BLOCK_CAPTURE_AUTORELEASING = YES;
				CLANG_WARN_BOOL_CONVERSION = YES;
				CLANG_WARN_COMMA = YES;
				CLANG_WARN_CONSTANT_CONVERSION = YES;
				CLANG_WARN_DEPRECATED_OBJC_IMPLEMENTATIONS = YES;
				CLANG_WARN_DIRECT_OBJC_ISA_USAGE = YES_ERROR;
				CLANG_WARN_DOCUMENTATION_COMMENTS = YES;
				CLANG_WARN_EMPTY_BODY = YES;
				CLANG_WARN_ENUM_CONVERSION = YES;
				CLANG_WARN_INFINITE_RECURSION = YES;
				CLANG_WARN_INT_CONVERSION = YES;
				CLANG_WARN_NON_LITERAL_NULL_CONVERSION = YES;
				CLANG_WARN_OBJC_IMPLICIT_RETAIN_SELF = YES;
				CLANG_WARN_OBJC_LITERAL_CONVERSION = YES;
				CLANG_WARN_OBJC_ROOT_CLASS = YES_ERROR;
				CLANG_WARN_QUOTED_INCLUDE_IN_FRAMEWORK_HEADER = YES;
				CLANG_WARN_RANGE_LOOP_ANALYSIS = YES;
				CLANG_WARN_STRICT_PROTOTYPES = YES;
				CLANG_WARN_SUSPICIOUS_MOVE = YES;
				CLANG_WARN_UNGUARDED_AVAILABILITY = YES_AGGRESSIVE;
				CLANG_WARN_UNREACHABLE_CODE = YES;
				CLANG_WARN__DUPLICATE_METHOD_MATCH = YES;
				COPY_PHASE_STRIP = NO;
				DEBUG_INFORMATION_FORMAT = dwarf;
				ENABLE_STRICT_OBJC_MSGSEND = YES;
				ENABLE_TESTABILITY = YES;
				ENABLE_USER_SCRIPT_SANDBOXING = YES;
				GCC_C_LANGUAGE_STANDARD = gnu17;
				GCC_DYNAMIC_NO_PIC = NO;
				GCC_NO_COMMON_BLOCKS = YES;
				GCC_OPTIMIZATION_LEVEL = 0;
				GCC_PREPROCESSOR_DEFINITIONS = (
					"DEBUG=1",
					"$(inherited)",
				);
				GCC_WARN_64_TO_32_BIT_CONVERSION = YES;
				GCC_WARN_ABOUT_RETURN_TYPE = YES_ERROR;
				GCC_WARN_UNDECLARED_SELECTOR = YES;
				GCC_WARN_UNINITIALIZED_AUTOS = YES_AGGRESSIVE;
				GCC_WARN_UNUSED_FUNCTION = YES;
				GCC_WARN_UNUSED_VARIABLE = YES;
				IPHONEOS_DEPLOYMENT_TARGET = 17.4;
				LOCALIZATION_PREFERS_STRING_CATALOGS = YES;
				MTL_ENABLE_DEBUG_INFO = INCLUDE_SOURCE;
				MTL_FAST_MATH = YES;
				ONLY_ACTIVE_ARCH = YES;
				SDKROOT = iphoneos;
				SWIFT_ACTIVE_COMPILATION_CONDITIONS = "DEBUG $(inherited)";
				SWIFT_OPTIMIZATION_LEVEL = "-Onone";
			};
			name = Debug;
		};
		754D283D2BCFE1F600A55933 /* Release */ = {
			isa = XCBuildConfiguration;
			buildSettings = {
				ALWAYS_SEARCH_USER_PATHS = NO;
				ASSETCATALOG_COMPILER_GENERATE_SWIFT_ASSET_SYMBOL_EXTENSIONS = YES;
				CLANG_ANALYZER_NONNULL = YES;
				CLANG_ANALYZER_NUMBER_OBJECT_CONVERSION = YES_AGGRESSIVE;
				CLANG_CXX_LANGUAGE_STANDARD = "gnu++20";
				CLANG_ENABLE_MODULES = YES;
				CLANG_ENABLE_OBJC_ARC = YES;
				CLANG_ENABLE_OBJC_WEAK = YES;
				CLANG_WARN_BLOCK_CAPTURE_AUTORELEASING = YES;
				CLANG_WARN_BOOL_CONVERSION = YES;
				CLANG_WARN_COMMA = YES;
				CLANG_WARN_CONSTANT_CONVERSION = YES;
				CLANG_WARN_DEPRECATED_OBJC_IMPLEMENTATIONS = YES;
				CLANG_WARN_DIRECT_OBJC_ISA_USAGE = YES_ERROR;
				CLANG_WARN_DOCUMENTATION_COMMENTS = YES;
				CLANG_WARN_EMPTY_BODY = YES;
				CLANG_WARN_ENUM_CONVERSION = YES;
				CLANG_WARN_INFINITE_RECURSION = YES;
				CLANG_WARN_INT_CONVERSION = YES;
				CLANG_WARN_NON_LITERAL_NULL_CONVERSION = YES;
				CLANG_WARN_OBJC_IMPLICIT_RETAIN_SELF = YES;
				CLANG_WARN_OBJC_LITERAL_CONVERSION = YES;
				CLANG_WARN_OBJC_ROOT_CLASS = YES_ERROR;
				CLANG_WARN_QUOTED_INCLUDE_IN_FRAMEWORK_HEADER = YES;
				CLANG_WARN_RANGE_LOOP_ANALYSIS = YES;
				CLANG_WARN_STRICT_PROTOTYPES = YES;
				CLANG_WARN_SUSPICIOUS_MOVE = YES;
				CLANG_WARN_UNGUARDED_AVAILABILITY = YES_AGGRESSIVE;
				CLANG_WARN_UNREACHABLE_CODE = YES;
				CLANG_WARN__DUPLICATE_METHOD_MATCH = YES;
				COPY_PHASE_STRIP = NO;
				DEBUG_INFORMATION_FORMAT = "dwarf-with-dsym";
				ENABLE_NS_ASSERTIONS = NO;
				ENABLE_STRICT_OBJC_MSGSEND = YES;
				ENABLE_USER_SCRIPT_SANDBOXING = YES;
				GCC_C_LANGUAGE_STANDARD = gnu17;
				GCC_NO_COMMON_BLOCKS = YES;
				GCC_WARN_64_TO_32_BIT_CONVERSION = YES;
				GCC_WARN_ABOUT_RETURN_TYPE = YES_ERROR;
				GCC_WARN_UNDECLARED_SELECTOR = YES;
				GCC_WARN_UNINITIALIZED_AUTOS = YES_AGGRESSIVE;
				GCC_WARN_UNUSED_FUNCTION = YES;
				GCC_WARN_UNUSED_VARIABLE = YES;
				IPHONEOS_DEPLOYMENT_TARGET = 17.4;
				LOCALIZATION_PREFERS_STRING_CATALOGS = YES;
				MTL_ENABLE_DEBUG_INFO = NO;
				MTL_FAST_MATH = YES;
				SDKROOT = iphoneos;
				SWIFT_COMPILATION_MODE = wholemodule;
				VALIDATE_PRODUCT = YES;
			};
			name = Release;
		};
		754D283F2BCFE1F600A55933 /* Debug */ = {
			isa = XCBuildConfiguration;
			buildSettings = {
				ASSETCATALOG_COMPILER_APPICON_NAME = AppIcon;
				ASSETCATALOG_COMPILER_GLOBAL_ACCENT_COLOR_NAME = AccentColor;
				CODE_SIGN_STYLE = Automatic;
				CURRENT_PROJECT_VERSION = 1;
				GENERATE_INFOPLIST_FILE = YES;
				INFOPLIST_FILE = Dice_app/Info.plist;
				INFOPLIST_KEY_UIApplicationSupportsIndirectInputEvents = YES;
				INFOPLIST_KEY_UILaunchStoryboardName = LaunchScreen;
				INFOPLIST_KEY_UIMainStoryboardFile = Main;
				INFOPLIST_KEY_UISupportedInterfaceOrientations_iPad = "UIInterfaceOrientationPortrait UIInterfaceOrientationPortraitUpsideDown UIInterfaceOrientationLandscapeLeft UIInterfaceOrientationLandscapeRight";
				INFOPLIST_KEY_UISupportedInterfaceOrientations_iPhone = "UIInterfaceOrientationPortrait UIInterfaceOrientationLandscapeLeft UIInterfaceOrientationLandscapeRight";
				LD_RUNPATH_SEARCH_PATHS = (
					"$(inherited)",
					"@executable_path/Frameworks",
				);
				MARKETING_VERSION = 1.0;
				PRODUCT_BUNDLE_IDENTIFIER = "com.canada.Dice-app";
				PRODUCT_NAME = "$(TARGET_NAME)";
				SWIFT_EMIT_LOC_STRINGS = YES;
				SWIFT_VERSION = 5.0;
				TARGETED_DEVICE_FAMILY = "1,2";
			};
			name = Debug;
		};
		754D28402BCFE1F600A55933 /* Release */ = {
			isa = XCBuildConfiguration;
			buildSettings = {
				ASSETCATALOG_COMPILER_APPICON_NAME = AppIcon;
				ASSETCATALOG_COMPILER_GLOBAL_ACCENT_COLOR_NAME = AccentColor;
				CODE_SIGN_STYLE = Automatic;
				CURRENT_PROJECT_VERSION = 1;
				GENERATE_INFOPLIST_FILE = YES;
				INFOPLIST_FILE = Dice_app/Info.plist;
				INFOPLIST_KEY_UIApplicationSupportsIndirectInputEvents = YES;
				INFOPLIST_KEY_UILaunchStoryboardName = LaunchScreen;
				INFOPLIST_KEY_UIMainStoryboardFile = Main;
				INFOPLIST_KEY_UISupportedInterfaceOrientations_iPad = "UIInterfaceOrientationPortrait UIInterfaceOrientationPortraitUpsideDown UIInterfaceOrientationLandscapeLeft UIInterfaceOrientationLandscapeRight";
				INFOPLIST_KEY_UISupportedInterfaceOrientations_iPhone = "UIInterfaceOrientationPortrait UIInterfaceOrientationLandscapeLeft UIInterfaceOrientationLandscapeRight";
				LD_RUNPATH_SEARCH_PATHS = (
					"$(inherited)",
					"@executable_path/Frameworks",
				);
				MARKETING_VERSION = 1.0;
				PRODUCT_BUNDLE_IDENTIFIER = "com.canada.Dice-app";
				PRODUCT_NAME = "$(TARGET_NAME)";
				SWIFT_EMIT_LOC_STRINGS = YES;
				SWIFT_VERSION = 5.0;
				TARGETED_DEVICE_FAMILY = "1,2";
			};
			name = Release;
		};
		754D28422BCFE1F600A55933 /* Debug */ = {
			isa = XCBuildConfiguration;
			buildSettings = {
				ALWAYS_EMBED_SWIFT_STANDARD_LIBRARIES = YES;
				BUNDLE_LOADER = "$(TEST_HOST)";
				CODE_SIGN_STYLE = Automatic;
				CURRENT_PROJECT_VERSION = 1;
				GENERATE_INFOPLIST_FILE = YES;
				IPHONEOS_DEPLOYMENT_TARGET = 17.4;
				MARKETING_VERSION = 1.0;
				PRODUCT_BUNDLE_IDENTIFIER = "com.canada.Dice-appTests";
				PRODUCT_NAME = "$(TARGET_NAME)";
				SWIFT_EMIT_LOC_STRINGS = NO;
				SWIFT_VERSION = 5.0;
				TARGETED_DEVICE_FAMILY = "1,2";
				TEST_HOST = "$(BUILT_PRODUCTS_DIR)/Dice_app.app/$(BUNDLE_EXECUTABLE_FOLDER_PATH)/Dice_app";
			};
			name = Debug;
		};
		754D28432BCFE1F600A55933 /* Release */ = {
			isa = XCBuildConfiguration;
			buildSettings = {
				ALWAYS_EMBED_SWIFT_STANDARD_LIBRARIES = YES;
				BUNDLE_LOADER = "$(TEST_HOST)";
				CODE_SIGN_STYLE = Automatic;
				CURRENT_PROJECT_VERSION = 1;
				GENERATE_INFOPLIST_FILE = YES;
				IPHONEOS_DEPLOYMENT_TARGET = 17.4;
				MARKETING_VERSION = 1.0;
				PRODUCT_BUNDLE_IDENTIFIER = "com.canada.Dice-appTests";
				PRODUCT_NAME = "$(TARGET_NAME)";
				SWIFT_EMIT_LOC_STRINGS = NO;
				SWIFT_VERSION = 5.0;
				TARGETED_DEVICE_FAMILY = "1,2";
				TEST_HOST = "$(BUILT_PRODUCTS_DIR)/Dice_app.app/$(BUNDLE_EXECUTABLE_FOLDER_PATH)/Dice_app";
			};
			name = Release;
		};
		754D28452BCFE1F600A55933 /* Debug */ = {
			isa = XCBuildConfiguration;
			buildSettings = {
				ALWAYS_EMBED_SWIFT_STANDARD_LIBRARIES = YES;
				CODE_SIGN_STYLE = Automatic;
				CURRENT_PROJECT_VERSION = 1;
				GENERATE_INFOPLIST_FILE = YES;
				MARKETING_VERSION = 1.0;
				PRODUCT_BUNDLE_IDENTIFIER = "com.canada.Dice-appUITests";
				PRODUCT_NAME = "$(TARGET_NAME)";
				SWIFT_EMIT_LOC_STRINGS = NO;
				SWIFT_VERSION = 5.0;
				TARGETED_DEVICE_FAMILY = "1,2";
				TEST_TARGET_NAME = Dice_app;
			};
			name = Debug;
		};
		754D28462BCFE1F600A55933 /* Release */ = {
			isa = XCBuildConfiguration;
			buildSettings = {
				ALWAYS_EMBED_SWIFT_STANDARD_LIBRARIES = YES;
				CODE_SIGN_STYLE = Automatic;
				CURRENT_PROJECT_VERSION = 1;
				GENERATE_INFOPLIST_FILE = YES;
				MARKETING_VERSION = 1.0;
				PRODUCT_BUNDLE_IDENTIFIER = "com.canada.Dice-appUITests";
				PRODUCT_NAME = "$(TARGET_NAME)";
				SWIFT_EMIT_LOC_STRINGS = NO;
				SWIFT_VERSION = 5.0;
				TARGETED_DEVICE_FAMILY = "1,2";
				TEST_TARGET_NAME = Dice_app;
			};
			name = Release;
		};
/* End XCBuildConfiguration section */

/* Begin XCConfigurationList section */
		754D280F2BCFE1F400A55933 /* Build configuration list for PBXProject "Dice_app" */ = {
			isa = XCConfigurationList;
			buildConfigurations = (
				754D283C2BCFE1F600A55933 /* Debug */,
				754D283D2BCFE1F600A55933 /* Release */,
			);
			defaultConfigurationIsVisible = 0;
			defaultConfigurationName = Release;
		};
		754D283E2BCFE1F600A55933 /* Build configuration list for PBXNativeTarget "Dice_app" */ = {
			isa = XCConfigurationList;
			buildConfigurations = (
				754D283F2BCFE1F600A55933 /* Debug */,
				754D28402BCFE1F600A55933 /* Release */,
			);
			defaultConfigurationIsVisible = 0;
			defaultConfigurationName = Release;
		};
		754D28412BCFE1F600A55933 /* Build configuration list for PBXNativeTarget "Dice_appTests" */ = {
			isa = XCConfigurationList;
			buildConfigurations = (
				754D28422BCFE1F600A55933 /* Debug */,
				754D28432BCFE1F600A55933 /* Release */,
			);
			defaultConfigurationIsVisible = 0;
			defaultConfigurationName = Release;
		};
		754D28442BCFE1F600A55933 /* Build configuration list for PBXNativeTarget "Dice_appUITests" */ = {
			isa = XCConfigurationList;
			buildConfigurations = (
				754D28452BCFE1F600A55933 /* Debug */,
				754D28462BCFE1F600A55933 /* Release */,
			);
			defaultConfigurationIsVisible = 0;
			defaultConfigurationName = Release;
		};
/* End XCConfigurationList section */
	};
	rootObject = 754D280C2BCFE1F400A55933 /* Project object */;
}
